
Microsoft Visual Studio Solution File, Format Version 12.00
# Visual Studio Express 2012 for Windows Desktop
Project("{FAE04EC0-301F-11D3-BF4B-00C04F79EFBC}") = "GesTherapy", "GesTherapy\GesTherapy.csproj", "{3A79B4F1-57CE-4EF3-82DB-479D03B64A2D}"
EndProject
Project("{FAE04EC0-301F-11D3-BF4B-00C04F79EFBC}") = "BasicInteractions-WPF", "BasicInteractions-WPF\BasicInteractions-WPF.csproj", "{2E073D57-EA4E-496D-A22F-DA2E1961262C}"
EndProject
Global
	GlobalSection(SolutionConfigurationPlatforms) = preSolution
		Debug|Any CPU = Debug|Any CPU
		Release|Any CPU = Release|Any CPU
	EndGlobalSection
	GlobalSection(ProjectConfigurationPlatforms) = postSolution
		{3A79B4F1-57CE-4EF3-82DB-479D03B64A2D}.Debug|Any CPU.ActiveCfg = Debug|Any CPU
		{3A79B4F1-57CE-4EF3-82DB-479D03B64A2D}.Debug|Any CPU.Build.0 = Debug|Any CPU
		{3A79B4F1-57CE-4EF3-82DB-479D03B64A2D}.Release|Any CPU.ActiveCfg = Release|Any CPU
		{3A79B4F1-57CE-4EF3-82DB-479D03B64A2D}.Release|Any CPU.Build.0 = Release|Any CPU
		{2E073D57-EA4E-496D-A22F-DA2E1961262C}.Debug|Any CPU.ActiveCfg = Debug|Any CPU
		{2E073D57-EA4E-496D-A22F-DA2E1961262C}.Debug|Any CPU.Build.0 = Debug|Any CPU
		{2E073D57-EA4E-496D-A22F-DA2E1961262C}.Release|Any CPU.ActiveCfg = Release|Any CPU
		{2E073D57-EA4E-496D-A22F-DA2E1961262C}.Release|Any CPU.Build.0 = Release|Any CPU
		{2E073D57-EA4E-496D-A22F-DA2E1961262C}.Release|Any CPU.Deploy.0 = Release|Any CPU
	EndGlobalSection
	GlobalSection(SolutionProperties) = preSolution
		HideSolutionNode = FALSE
	EndGlobalSection
EndGlobal
